github.com/a-h/templ v0.2.646 h1:F4+tGmPavtPMdWF3ofCDkPx/31qtInztsmUdzu6EzVU=
github.com/a-h/templ v0.2.646/go.mod h1:SA7mtYwVEajbIXFRh3vKdYm/4FYyLQAtPH1+KxzGPA8=
github.com/a-h/templ v0.2.648 h1:A1ggHGIE7AONOHrFaDTM8SrqgqHL6fWgWCijQ21Zy9I=
github.com/a-h/templ v0.2.648/go.mod h1:SA7mtYwVEajbIXFRh3vKdYm/4FYyLQAtPH1+KxzGPA8=
